// !$*UTF8*$!
{
	archiveVersion = 1;
	classes = {
	};
	objectVersion = 46;
	objects = {

/* Begin PBXBuildFile section */
		332B1FD41D5BAC6D00113C96 /* main.c in Sources */ = {isa = PBXBuildFile; fileRef = 332B1FD31D5BAC6D00113C96 /* main.c */; };
		332B1FDC1D5BAC8D00113C96 /* SafeFunctions.c in Sources */ = {isa = PBXBuildFile; fileRef = 332B1FDA1D5BAC8D00113C96 /* SafeFunctions.c */; };
/* End PBXBuildFile section */

/* Begin PBXCopyFilesBuildPhase section */
		332B1FCE1D5BAC6C00113C96 /* CopyFiles */ = {
			isa = PBXCopyFilesBuildPhase;
			buildActionMask = 2147483647;
			dstPath = /usr/share/man/man1/;
			dstSubfolderSpec = 0;
			files = (
			);
			runOnlyForDeploymentPostprocessing = 1;
		};
/* End PBXCopyFilesBuildPhase section */

/* Begin PBXFileReference section */
		332B1FD01D5BAC6C00113C96 /* Safecracker */ = {isa = PBXFileReference; explicitFileType = "compiled.mach-o.executable"; includeInIndex = 0; path = Safecracker; sourceTree = BUILT_PRODUCTS_DIR; };
		332B1FD31D5BAC6D00113C96 /* main.c */ = {isa = PBXFileReference; lastKnownFileType = sourcecode.c.c; path = main.c; sourceTree = "<group>"; };
		332B1FDA1D5BAC8D00113C96 /* SafeFunctions.c */ = {isa = PBXFileReference; fileEncoding = 4; lastKnownFileType = sourcecode.c.c; path = SafeFunctions.c; sourceTree = "<group>"; };
		332B1FDB1D5BAC8D00113C96 /* SafeFunctions.h */ = {isa = PBXFileReference; fileEncoding = 4; lastKnownFileType = sourcecode.c.h; path = SafeFunctions.h; sourceTree = "<group>"; };
/* End PBXFileReference section */

/* Begin PBXFrameworksBuildPhase section */
		332B1FCD1D5BAC6C00113C96 /* Frameworks */ = {
			isa = PBXFrameworksBuildPhase;
			buildActionMask = 2147483647;
			files = (
			);
			runOnlyForDeploymentPostprocessing = 0;
		};
/* End PBXFrameworksBuildPhase section */

/* Begin PBXGroup section */
		332B1FC71D5BAC6C00113C96 = {
			isa = PBXGroup;
			children = (
				332B1FD21D5BAC6C00113C96 /* Safecracker */,
				332B1FD11D5BAC6C00113C96 /* Products */,
			);
			sourceTree = "<group>";
		};
		332B1FD11D5BAC6C00113C96 /* Products */ = {
			isa = PBXGroup;
			children = (
				332B1FD01D5BAC6C00113C96 /* Safecracker */,
			);
			name = Products;
			sourceTree = "<group>";
		};
		332B1FD21D5BAC6C00113C96 /* Safecracker */ = {
			isa = PBXGroup;
			children = (
				332B1FD31D5BAC6D00113C96 /* main.c */,
				332B1FDA1D5BAC8D00113C96 /* SafeFunctions.c */,
				332B1FDB1D5BAC8D00113C96 /* SafeFunctions.h */,
			);
			path = Safecracker;
			sourceTree = "<group>";
		};
/* End PBXGroup section */

/* Begin PBXNativeTarget section */
		332B1FCF1D5BAC6C00113C96 /* Safecracker */ = {
			isa = PBXNativeTarget;
			buildConfigurationList = 332B1FD71D5BAC6D00113C96 /* Build configuration list for PBXNativeTarget "Safecracker" */;
			buildPhases = (
				332B1FCC1D5BAC6C00113C96 /* Sources */,
				332B1FCD1D5BAC6C00113C96 /* Frameworks */,
				332B1FCE1D5BAC6C00113C96 /* CopyFiles */,
			);
			buildRules = (
			);
			dependencies = (
			);
			name = Safecracker;
			productName = Safecracker;
			productReference = 332B1FD01D5BAC6C00113C96 /* Safecracker */;
			productType = "com.apple.product-type.tool";
		};
/* End PBXNativeTarget section */

/* Begin PBXProject section */
		332B1FC81D5BAC6C00113C96 /* Project object */ = {
			isa = PBXProject;
			attributes = {
				LastUpgradeCheck = 0800;
				ORGANIZATIONNAME = "Rodney Sampson II";
				TargetAttributes = {
					332B1FCF1D5BAC6C00113C96 = {
						CreatedOnToolsVersion = 8.0;
						ProvisioningStyle = Automatic;
					};
				};
			};
			buildConfigurationList = 332B1FCB1D5BAC6C00113C96 /* Build configuration list for PBXProject "Safecracker" */;
			compatibilityVersion = "Xcode 3.2";
			developmentRegion = English;
			hasScannedForEncodings = 0;
			knownRegions = (
				en,
			);
			mainGroup = 332B1FC71D5BAC6C00113C96;
			productRefGroup = 332B1FD11D5BAC6C00113C96 /* Products */;
			projectDirPath = "";
			projectRoot = "";
			targets = (
				332B1FCF1D5BAC6C00113C96 /* Safecracker */,
			);
		};
/* End PBXProject section */

/* Begin PBXSourcesBuildPhase section */
		332B1FCC1D5BAC6C00113C96 /* Sources */ = {
			isa = PBXSourcesBuildPhase;
			buildActionMask = 2147483647;
			files = (
				332B1FDC1D5BAC8D00113C96 /* SafeFunctions.c in Sources */,
				332B1FD41D5BAC6D00113C96 /* main.c in Sources */,
			);
			runOnlyForDeploymentPostprocessing = 0;
		};
/* End PBXSourcesBuildPhase section */

/* Begin XCBuildConfiguration section */
		332B1FD51D5BAC6D00113C96 /* Debug */ = {
			isa = XCBuildConfiguration;
			buildSettings = {
				ALWAYS_SEARCH_USER_PATHS = NO;
				CLANG_ANALYZER_NONNULL = YES;
				CLANG_CXX_LANGUAGE_STANDARD = "gnu++0x";
				CLANG_CXX_LIBRARY = "libc++";
				CLANG_ENABLE_MODULES = YES;
				CLANG_ENABLE_OBJC_ARC = YES;
				CLANG_WARN_BOOL_CONVERSION = YES;
				CLANG_WARN_CONSTANT_CONVERSION = YES;
				CLANG_WARN_DIRECT_OBJC_ISA_USAGE = YES_ERROR;
				CLANG_WARN_DOCUMENTATION_COMMENTS = YES;
				CLANG_WARN_EMPTY_BODY = YES;
				CLANG_WARN_ENUM_CONVERSION = YES;
				CLANG_WARN_INFINITE_RECURSION = YES;
				CLANG_WARN_INT_CONVERSION = YES;
				CLANG_WARN_OBJC_ROOT_CLASS = YES_ERROR;
				CLANG_WARN_SUSPICIOUS_MOVES = YES;
				CLANG_WARN_UNREACHABLE_CODE = YES;
				CLANG_WARN__DUPLICATE_METHOD_MATCH = YES;
				CODE_SIGN_IDENTITY = "-";
				COPY_PHASE_STRIP = NO;
				DEBUG_INFORMATION_FORMAT = dwarf;
				ENABLE_STRICT_OBJC_MSGSEND = YES;
				ENABLE_TESTABILITY = YES;
				GCC_C_LANGUAGE_STANDARD = gnu99;
				GCC_DYNAMIC_NO_PIC = NO;
				GCC_NO_COMMON_BLOCKS = YES;
				GCC_OPTIMIZATION_LEVEL = 0;
				GCC_PREPROCESSOR_DEFINITIONS = (
					"DEBUG=1",
					"$(inherited)",
				);
				GCC_WARN_64_TO_32_BIT_CONVERSION = YES;
				GCC_WARN_ABOUT_RETURN_TYPE = YES_ERROR;
				GCC_WARN_UNDECLARED_SELECTOR = YES;
				GCC_WARN_UNINITIALIZED_AUTOS = YES_AGGRESSIVE;
				GCC_WARN_UNUSED_FUNCTION = YES;
				GCC_WARN_UNUSED_VARIABLE = YES;
				MACOSX_DEPLOYMENT_TARGET = 10.11;
				MTL_ENABLE_DEBUG_INFO = YES;
				ONLY_ACTIVE_ARCH = YES;
				SDKROOT = macosx;
			};
			name = Debug;
		};
		332B1FD61D5BAC6D00113C96 /* Release */ = {
			isa = XCBuildConfiguration;
			buildSettings = {
				ALWAYS_SEARCH_USER_PATHS = NO;
				CLANG_ANALYZER_NONNULL = YES;
				CLANG_CXX_LANGUAGE_STANDARD = "gnu++0x";
				CLANG_CXX_LIBRARY = "libc++";
				CLANG_ENABLE_MODULES = YES;
				CLANG_ENABLE_OBJC_ARC = YES;
				CLANG_WARN_BOOL_CONVERSION = YES;
				CLANG_WARN_CONSTANT_CONVERSION = YES;
				CLANG_WARN_DIRECT_OBJC_ISA_USAGE = YES_ERROR;
				CLANG_WARN_DOCUMENTATION_COMMENTS = YES;
				CLANG_WARN_EMPTY_BODY = YES;
				CLANG_WARN_ENUM_CONVERSION = YES;
				CLANG_WARN_INFINITE_RECURSION = YES;
				CLANG_WARN_INT_CONVERSION = YES;
				CLANG_WARN_OBJC_ROOT_CLASS = YES_ERROR;
				CLANG_WARN_SUSPICIOUS_MOVES = YES;
				CLANG_WARN_UNREACHABLE_CODE = YES;
				CLANG_WARN__DUPLICATE_METHOD_MATCH = YES;
				CODE_SIGN_IDENTITY = "-";
				COPY_PHASE_STRIP = NO;
				DEBUG_INFORMATION_FORMAT = "dwarf-with-dsym";
				ENABLE_NS_ASSERTIONS = NO;
				ENABLE_STRICT_OBJC_MSGSEND = YES;
				GCC_C_LANGUAGE_STANDARD = gnu99;
				GCC_NO_COMMON_BLOCKS = YES;
				GCC_WARN_64_TO_32_BIT_CONVERSION = YES;
				GCC_WARN_ABOUT_RETURN_TYPE = YES_ERROR;
				GCC_WARN_UNDECLARED_SELECTOR = YES;
				GCC_WARN_UNINITIALIZED_AUTOS = YES_AGGRESSIVE;
				GCC_WARN_UNUSED_FUNCTION = YES;
				GCC_WARN_UNUSED_VARIABLE = YES;
				MACOSX_DEPLOYMENT_TARGET = 10.11;
				MTL_ENABLE_DEBUG_INFO = NO;
				SDKROOT = macosx;
			};
			name = Release;
		};
		332B1FD81D5BAC6D00113C96 /* Debug */ = {
			isa = XCBuildConfiguration;
			buildSettings = {
				PRODUCT_NAME = "$(TARGET_NAME)";
			};
			name = Debug;
		};
		332B1FD91D5BAC6D00113C96 /* Release */ = {
			isa = XCBuildConfiguration;
			buildSettings = {
				PRODUCT_NAME = "$(TARGET_NAME)";
			};
			name = Release;
		};
/* End XCBuildConfiguration section */

/* Begin XCConfigurationList section */
		332B1FCB1D5BAC6C00113C96 /* Build configuration list for PBXProject "Safecracker" */ = {
			isa = XCConfigurationList;
			buildConfigurations = (
				332B1FD51D5BAC6D00113C96 /* Debug */,
				332B1FD61D5BAC6D00113C96 /* Release */,
			);
			defaultConfigurationIsVisible = 0;
			defaultConfigurationName = Release;
		};
		332B1FD71D5BAC6D00113C96 /* Build configuration list for PBXNativeTarget "Safecracker" */ = {
			isa = XCConfigurationList;
			buildConfigurations = (
				332B1FD81D5BAC6D00113C96 /* Debug */,
				332B1FD91D5BAC6D00113C96 /* Release */,
			);
			defaultConfigurationIsVisible = 0;
		};
/* End XCConfigurationList section */
	};
	rootObject = 332B1FC81D5BAC6C00113C96 /* Project object */;
}
